
Microsoft Visual Studio Solution File, Format Version 12.00
# Visual Studio Version 17
VisualStudioVersion = 17.1.32210.238
MinimumVisualStudioVersion = 10.0.40219.1
Project("{9A19103F-16F7-4668-BE54-9A1E7A4F7556}") = "FinalTask", "FinalTask\FinalTask.csproj", "{18680127-DC86-47CC-AF6D-CE8ECA8AFDE1}"
EndProject
Global
	GlobalSection(SolutionConfigurationPlatforms) = preSolution
		Debug|Any CPU = Debug|Any CPU
		Release|Any CPU = Release|Any CPU
	EndGlobalSection
	GlobalSection(ProjectConfigurationPlatforms) = postSolution
		{18680127-DC86-47CC-AF6D-CE8ECA8AFDE1}.Debug|Any CPU.ActiveCfg = Debug|Any CPU
		{18680127-DC86-47CC-AF6D-CE8ECA8AFDE1}.Debug|Any CPU.Build.0 = Debug|Any CPU
		{18680127-DC86-47CC-AF6D-CE8ECA8AFDE1}.Release|Any CPU.ActiveCfg = Release|Any CPU
		{18680127-DC86-47CC-AF6D-CE8ECA8AFDE1}.Release|Any CPU.Build.0 = Release|Any CPU
	EndGlobalSection
	GlobalSection(SolutionProperties) = preSolution
		HideSolutionNode = FALSE
	EndGlobalSection
	GlobalSection(ExtensibilityGlobals) = postSolution
		SolutionGuid = {95A9EB0B-1350-45B8-9749-4CF11CC87AE4}
	EndGlobalSection
EndGlobal
